// !$*UTF8*$!
{
	archiveVersion = 1;
	classes = {
	};
	objectVersion = 46;
	objects = {

/* Begin PBXBuildFile section */
		542A588317E720A200184D00 /* WeekViewController.m in Sources */ = {isa = PBXBuildFile; fileRef = 542A588217E720A200184D00 /* WeekViewController.m */; };
		542A588617E7213C00184D00 /* WeekDayViewController.m in Sources */ = {isa = PBXBuildFile; fileRef = 542A588517E7213C00184D00 /* WeekDayViewController.m */; };
		542A588917E7248800184D00 /* MainViewController.m in Sources */ = {isa = PBXBuildFile; fileRef = 542A588817E7248800184D00 /* MainViewController.m */; };
		54905C2117F184AF00477BFD /* EditIOSViewController.m in Sources */ = {isa = PBXBuildFile; fileRef = 54905C2017F184AF00477BFD /* EditIOSViewController.m */; };
		54970A5517E70B4100FD7030 /* WeekViewStoryboard.storyboard in Resources */ = {isa = PBXBuildFile; fileRef = 54970A5417E70B4100FD7030 /* WeekViewStoryboard.storyboard */; };
		A776FC8617E08F1500253A02 /* UIKit.framework in Frameworks */ = {isa = PBXBuildFile; fileRef = A776FC8517E08F1500253A02 /* UIKit.framework */; };
		A776FC8817E08F1500253A02 /* Foundation.framework in Frameworks */ = {isa = PBXBuildFile; fileRef = A776FC8717E08F1500253A02 /* Foundation.framework */; };
		A776FC8A17E08F1500253A02 /* CoreGraphics.framework in Frameworks */ = {isa = PBXBuildFile; fileRef = A776FC8917E08F1500253A02 /* CoreGraphics.framework */; };
		A776FC9017E08F1600253A02 /* InfoPlist.strings in Resources */ = {isa = PBXBuildFile; fileRef = A776FC8E17E08F1600253A02 /* InfoPlist.strings */; };
		A776FC9217E08F1600253A02 /* main.m in Sources */ = {isa = PBXBuildFile; fileRef = A776FC9117E08F1600253A02 /* main.m */; };
		A776FC9617E08F1600253A02 /* AppDelegate.m in Sources */ = {isa = PBXBuildFile; fileRef = A776FC9517E08F1600253A02 /* AppDelegate.m */; };
		A776FC9817E08F1600253A02 /* Default.png in Resources */ = {isa = PBXBuildFile; fileRef = A776FC9717E08F1600253A02 /* Default.png */; };
		A776FC9A17E08F1600253A02 /* Default@2x.png in Resources */ = {isa = PBXBuildFile; fileRef = A776FC9917E08F1600253A02 /* Default@2x.png */; };
		A776FC9C17E08F1600253A02 /* Default-568h@2x.png in Resources */ = {isa = PBXBuildFile; fileRef = A776FC9B17E08F1600253A02 /* Default-568h@2x.png */; };
		A776FC9F17E08F1600253A02 /* MasterViewController.m in Sources */ = {isa = PBXBuildFile; fileRef = A776FC9E17E08F1600253A02 /* MasterViewController.m */; };
		A776FCA217E08F1600253A02 /* DetailViewController.m in Sources */ = {isa = PBXBuildFile; fileRef = A776FCA117E08F1600253A02 /* DetailViewController.m */; };
		A776FCA517E08F1600253A02 /* MasterViewController.xib in Resources */ = {isa = PBXBuildFile; fileRef = A776FCA317E08F1600253A02 /* MasterViewController.xib */; };
		A776FCA817E08F1600253A02 /* DetailViewController.xib in Resources */ = {isa = PBXBuildFile; fileRef = A776FCA617E08F1600253A02 /* DetailViewController.xib */; };
		A776FCB017E0940900253A02 /* Student.m in Sources */ = {isa = PBXBuildFile; fileRef = A776FCAF17E0940900253A02 /* Student.m */; };
/* End PBXBuildFile section */

/* Begin PBXFileReference section */
		542A588117E720A200184D00 /* WeekViewController.h */ = {isa = PBXFileReference; fileEncoding = 4; lastKnownFileType = sourcecode.c.h; name = WeekViewController.h; path = ../WeekViewController.h; sourceTree = "<group>"; };
		542A588217E720A200184D00 /* WeekViewController.m */ = {isa = PBXFileReference; fileEncoding = 4; lastKnownFileType = sourcecode.c.objc; name = WeekViewController.m; path = ../WeekViewController.m; sourceTree = "<group>"; };
		542A588417E7213C00184D00 /* WeekDayViewController.h */ = {isa = PBXFileReference; fileEncoding = 4; lastKnownFileType = sourcecode.c.h; name = WeekDayViewController.h; path = ../WeekDayViewController.h; sourceTree = "<group>"; };
		542A588517E7213C00184D00 /* WeekDayViewController.m */ = {isa = PBXFileReference; fileEncoding = 4; lastKnownFileType = sourcecode.c.objc; name = WeekDayViewController.m; path = ../WeekDayViewController.m; sourceTree = "<group>"; };
		542A588717E7248800184D00 /* MainViewController.h */ = {isa = PBXFileReference; fileEncoding = 4; lastKnownFileType = sourcecode.c.h; name = MainViewController.h; path = ../MainViewController.h; sourceTree = "<group>"; };
		542A588817E7248800184D00 /* MainViewController.m */ = {isa = PBXFileReference; fileEncoding = 4; lastKnownFileType = sourcecode.c.objc; name = MainViewController.m; path = ../MainViewController.m; sourceTree = "<group>"; };
		54905C1F17F184AF00477BFD /* EditIOSViewController.h */ = {isa = PBXFileReference; fileEncoding = 4; lastKnownFileType = sourcecode.c.h; path = EditIOSViewController.h; sourceTree = "<group>"; };
		54905C2017F184AF00477BFD /* EditIOSViewController.m */ = {isa = PBXFileReference; fileEncoding = 4; lastKnownFileType = sourcecode.c.objc; path = EditIOSViewController.m; sourceTree = "<group>"; };
		54970A5417E70B4100FD7030 /* WeekViewStoryboard.storyboard */ = {isa = PBXFileReference; fileEncoding = 4; lastKnownFileType = file.storyboard; name = WeekViewStoryboard.storyboard; path = ../WeekViewStoryboard.storyboard; sourceTree = "<group>"; };
		A776FC8217E08F1500253A02 /* SEAappWithStoryBoard.app */ = {isa = PBXFileReference; explicitFileType = wrapper.application; includeInIndex = 0; path = SEAappWithStoryBoard.app; sourceTree = BUILT_PRODUCTS_DIR; };
		A776FC8517E08F1500253A02 /* UIKit.framework */ = {isa = PBXFileReference; lastKnownFileType = wrapper.framework; name = UIKit.framework; path = System/Library/Frameworks/UIKit.framework; sourceTree = SDKROOT; };
		A776FC8717E08F1500253A02 /* Foundation.framework */ = {isa = PBXFileReference; lastKnownFileType = wrapper.framework; name = Foundation.framework; path = System/Library/Frameworks/Foundation.framework; sourceTree = SDKROOT; };
		A776FC8917E08F1500253A02 /* CoreGraphics.framework */ = {isa = PBXFileReference; lastKnownFileType = wrapper.framework; name = CoreGraphics.framework; path = System/Library/Frameworks/CoreGraphics.framework; sourceTree = SDKROOT; };
		A776FC8D17E08F1600253A02 /* SEAappWithStoryBoard-Info.plist */ = {isa = PBXFileReference; lastKnownFileType = text.plist.xml; path = "SEAappWithStoryBoard-Info.plist"; sourceTree = "<group>"; };
		A776FC8F17E08F1600253A02 /* en */ = {isa = PBXFileReference; lastKnownFileType = text.plist.strings; name = en; path = en.lproj/InfoPlist.strings; sourceTree = "<group>"; };
		A776FC9117E08F1600253A02 /* main.m */ = {isa = PBXFileReference; lastKnownFileType = sourcecode.c.objc; path = main.m; sourceTree = "<group>"; };
		A776FC9317E08F1600253A02 /* SEAappWithStoryBoard-Prefix.pch */ = {isa = PBXFileReference; lastKnownFileType = sourcecode.c.h; path = "SEAappWithStoryBoard-Prefix.pch"; sourceTree = "<group>"; };
		A776FC9417E08F1600253A02 /* AppDelegate.h */ = {isa = PBXFileReference; lastKnownFileType = sourcecode.c.h; path = AppDelegate.h; sourceTree = "<group>"; };
		A776FC9517E08F1600253A02 /* AppDelegate.m */ = {isa = PBXFileReference; lastKnownFileType = sourcecode.c.objc; path = AppDelegate.m; sourceTree = "<group>"; };
		A776FC9717E08F1600253A02 /* Default.png */ = {isa = PBXFileReference; lastKnownFileType = image.png; path = Default.png; sourceTree = "<group>"; };
		A776FC9917E08F1600253A02 /* Default@2x.png */ = {isa = PBXFileReference; lastKnownFileType = image.png; path = "Default@2x.png"; sourceTree = "<group>"; };
		A776FC9B17E08F1600253A02 /* Default-568h@2x.png */ = {isa = PBXFileReference; lastKnownFileType = image.png; path = "Default-568h@2x.png"; sourceTree = "<group>"; };
		A776FC9D17E08F1600253A02 /* MasterViewController.h */ = {isa = PBXFileReference; lastKnownFileType = sourcecode.c.h; path = MasterViewController.h; sourceTree = "<group>"; };
		A776FC9E17E08F1600253A02 /* MasterViewController.m */ = {isa = PBXFileReference; lastKnownFileType = sourcecode.c.objc; path = MasterViewController.m; sourceTree = "<group>"; };
		A776FCA017E08F1600253A02 /* DetailViewController.h */ = {isa = PBXFileReference; lastKnownFileType = sourcecode.c.h; path = DetailViewController.h; sourceTree = "<group>"; };
		A776FCA117E08F1600253A02 /* DetailViewController.m */ = {isa = PBXFileReference; lastKnownFileType = sourcecode.c.objc; path = DetailViewController.m; sourceTree = "<group>"; };
		A776FCA417E08F1600253A02 /* en */ = {isa = PBXFileReference; lastKnownFileType = file.xib; name = en; path = en.lproj/MasterViewController.xib; sourceTree = "<group>"; };
		A776FCA717E08F1600253A02 /* en */ = {isa = PBXFileReference; lastKnownFileType = file.xib; name = en; path = en.lproj/DetailViewController.xib; sourceTree = "<group>"; };
		A776FCAE17E0940900253A02 /* Student.h */ = {isa = PBXFileReference; fileEncoding = 4; lastKnownFileType = sourcecode.c.h; path = Student.h; sourceTree = "<group>"; };
		A776FCAF17E0940900253A02 /* Student.m */ = {isa = PBXFileReference; fileEncoding = 4; lastKnownFileType = sourcecode.c.objc; path = Student.m; sourceTree = "<group>"; };
/* End PBXFileReference section */

/* Begin PBXFrameworksBuildPhase section */
		A776FC7F17E08F1500253A02 /* Frameworks */ = {
			isa = PBXFrameworksBuildPhase;
			buildActionMask = 2147483647;
			files = (
				A776FC8617E08F1500253A02 /* UIKit.framework in Frameworks */,
				A776FC8817E08F1500253A02 /* Foundation.framework in Frameworks */,
				A776FC8A17E08F1500253A02 /* CoreGraphics.framework in Frameworks */,
			);
			runOnlyForDeploymentPostprocessing = 0;
		};
/* End PBXFrameworksBuildPhase section */

/* Begin PBXGroup section */
		A776FC7917E08F1500253A02 = {
			isa = PBXGroup;
			children = (
				A776FC8B17E08F1500253A02 /* Mitt Schema */,
				A776FC8417E08F1500253A02 /* Frameworks */,
				A776FC8317E08F1500253A02 /* Products */,
			);
			sourceTree = "<group>";
		};
		A776FC8317E08F1500253A02 /* Products */ = {
			isa = PBXGroup;
			children = (
				A776FC8217E08F1500253A02 /* SEAappWithStoryBoard.app */,
			);
			name = Products;
			sourceTree = "<group>";
		};
		A776FC8417E08F1500253A02 /* Frameworks */ = {
			isa = PBXGroup;
			children = (
				A776FC8517E08F1500253A02 /* UIKit.framework */,
				A776FC8717E08F1500253A02 /* Foundation.framework */,
				A776FC8917E08F1500253A02 /* CoreGraphics.framework */,
			);
			name = Frameworks;
			sourceTree = "<group>";
		};
		A776FC8B17E08F1500253A02 /* Mitt Schema */ = {
			isa = PBXGroup;
			children = (
				A776FC9417E08F1600253A02 /* AppDelegate.h */,
				A776FC9517E08F1600253A02 /* AppDelegate.m */,
				542A588717E7248800184D00 /* MainViewController.h */,
				542A588817E7248800184D00 /* MainViewController.m */,
				54970A5417E70B4100FD7030 /* WeekViewStoryboard.storyboard */,
				542A588117E720A200184D00 /* WeekViewController.h */,
				542A588417E7213C00184D00 /* WeekDayViewController.h */,
				542A588517E7213C00184D00 /* WeekDayViewController.m */,
				542A588217E720A200184D00 /* WeekViewController.m */,
				A776FC9D17E08F1600253A02 /* MasterViewController.h */,
				A776FC9E17E08F1600253A02 /* MasterViewController.m */,
				A776FCA317E08F1600253A02 /* MasterViewController.xib */,
				A776FCA017E08F1600253A02 /* DetailViewController.h */,
				A776FCA117E08F1600253A02 /* DetailViewController.m */,
				A776FCA617E08F1600253A02 /* DetailViewController.xib */,
				A776FCAE17E0940900253A02 /* Student.h */,
				A776FCAF17E0940900253A02 /* Student.m */,
				A776FC8C17E08F1600253A02 /* Supporting Files */,
				54905C1F17F184AF00477BFD /* EditIOSViewController.h */,
				54905C2017F184AF00477BFD /* EditIOSViewController.m */,
			);
			path = "Mitt Schema";
			sourceTree = "<group>";
		};
		A776FC8C17E08F1600253A02 /* Supporting Files */ = {
			isa = PBXGroup;
			children = (
				A776FC8D17E08F1600253A02 /* SEAappWithStoryBoard-Info.plist */,
				A776FC8E17E08F1600253A02 /* InfoPlist.strings */,
				A776FC9117E08F1600253A02 /* main.m */,
				A776FC9317E08F1600253A02 /* SEAappWithStoryBoard-Prefix.pch */,
				A776FC9717E08F1600253A02 /* Default.png */,
				A776FC9917E08F1600253A02 /* Default@2x.png */,
				A776FC9B17E08F1600253A02 /* Default-568h@2x.png */,
			);
			name = "Supporting Files";
			sourceTree = "<group>";
		};
/* End PBXGroup section */

/* Begin PBXNativeTarget section */
		A776FC8117E08F1500253A02 /* SEAappWithStoryBoard */ = {
			isa = PBXNativeTarget;
			buildConfigurationList = A776FCAB17E08F1600253A02 /* Build configuration list for PBXNativeTarget "SEAappWithStoryBoard" */;
			buildPhases = (
				A776FC7E17E08F1500253A02 /* Sources */,
				A776FC7F17E08F1500253A02 /* Frameworks */,
				A776FC8017E08F1500253A02 /* Resources */,
			);
			buildRules = (
			);
			dependencies = (
			);
			name = SEAappWithStoryBoard;
			productName = "Mitt Schema";
			productReference = A776FC8217E08F1500253A02 /* SEAappWithStoryBoard.app */;
			productType = "com.apple.product-type.application";
		};
/* End PBXNativeTarget section */

/* Begin PBXProject section */
		A776FC7A17E08F1500253A02 /* Project object */ = {
			isa = PBXProject;
			attributes = {
				LastUpgradeCheck = 0460;
				ORGANIZATIONNAME = "Ashraf Jibrael";
			};
			buildConfigurationList = A776FC7D17E08F1500253A02 /* Build configuration list for PBXProject "SEAappWithStoryBoard" */;
			compatibilityVersion = "Xcode 3.2";
			developmentRegion = English;
			hasScannedForEncodings = 0;
			knownRegions = (
				en,
			);
			mainGroup = A776FC7917E08F1500253A02;
			productRefGroup = A776FC8317E08F1500253A02 /* Products */;
			projectDirPath = "";
			projectRoot = "";
			targets = (
				A776FC8117E08F1500253A02 /* SEAappWithStoryBoard */,
			);
		};
/* End PBXProject section */

/* Begin PBXResourcesBuildPhase section */
		A776FC8017E08F1500253A02 /* Resources */ = {
			isa = PBXResourcesBuildPhase;
			buildActionMask = 2147483647;
			files = (
				A776FC9017E08F1600253A02 /* InfoPlist.strings in Resources */,
				A776FC9817E08F1600253A02 /* Default.png in Resources */,
				A776FC9A17E08F1600253A02 /* Default@2x.png in Resources */,
				A776FC9C17E08F1600253A02 /* Default-568h@2x.png in Resources */,
				A776FCA517E08F1600253A02 /* MasterViewController.xib in Resources */,
				A776FCA817E08F1600253A02 /* DetailViewController.xib in Resources */,
				54970A5517E70B4100FD7030 /* WeekViewStoryboard.storyboard in Resources */,
			);
			runOnlyForDeploymentPostprocessing = 0;
		};
/* End PBXResourcesBuildPhase section */

/* Begin PBXSourcesBuildPhase section */
		A776FC7E17E08F1500253A02 /* Sources */ = {
			isa = PBXSourcesBuildPhase;
			buildActionMask = 2147483647;
			files = (
				A776FC9217E08F1600253A02 /* main.m in Sources */,
				A776FC9617E08F1600253A02 /* AppDelegate.m in Sources */,
				A776FC9F17E08F1600253A02 /* MasterViewController.m in Sources */,
				A776FCA217E08F1600253A02 /* DetailViewController.m in Sources */,
				A776FCB017E0940900253A02 /* Student.m in Sources */,
				542A588317E720A200184D00 /* WeekViewController.m in Sources */,
				542A588617E7213C00184D00 /* WeekDayViewController.m in Sources */,
				542A588917E7248800184D00 /* MainViewController.m in Sources */,
				54905C2117F184AF00477BFD /* EditIOSViewController.m in Sources */,
			);
			runOnlyForDeploymentPostprocessing = 0;
		};
/* End PBXSourcesBuildPhase section */

/* Begin PBXVariantGroup section */
		A776FC8E17E08F1600253A02 /* InfoPlist.strings */ = {
			isa = PBXVariantGroup;
			children = (
				A776FC8F17E08F1600253A02 /* en */,
			);
			name = InfoPlist.strings;
			sourceTree = "<group>";
		};
		A776FCA317E08F1600253A02 /* MasterViewController.xib */ = {
			isa = PBXVariantGroup;
			children = (
				A776FCA417E08F1600253A02 /* en */,
			);
			name = MasterViewController.xib;
			sourceTree = "<group>";
		};
		A776FCA617E08F1600253A02 /* DetailViewController.xib */ = {
			isa = PBXVariantGroup;
			children = (
				A776FCA717E08F1600253A02 /* en */,
			);
			name = DetailViewController.xib;
			sourceTree = "<group>";
		};
/* End PBXVariantGroup section */

/* Begin XCBuildConfiguration section */
		A776FCA917E08F1600253A02 /* Debug */ = {
			isa = XCBuildConfiguration;
			buildSettings = {
				ALWAYS_SEARCH_USER_PATHS = NO;
				CLANG_CXX_LANGUAGE_STANDARD = "gnu++0x";
				CLANG_CXX_LIBRARY = "libc++";
				CLANG_ENABLE_OBJC_ARC = YES;
				CLANG_WARN_CONSTANT_CONVERSION = YES;
				CLANG_WARN_EMPTY_BODY = YES;
				CLANG_WARN_ENUM_CONVERSION = YES;
				CLANG_WARN_INT_CONVERSION = YES;
				CLANG_WARN__DUPLICATE_METHOD_MATCH = YES;
				"CODE_SIGN_IDENTITY[sdk=iphoneos*]" = "iPhone Developer";
				COPY_PHASE_STRIP = NO;
				GCC_C_LANGUAGE_STANDARD = gnu99;
				GCC_DYNAMIC_NO_PIC = NO;
				GCC_OPTIMIZATION_LEVEL = 0;
				GCC_PREPROCESSOR_DEFINITIONS = (
					"DEBUG=1",
					"$(inherited)",
				);
				GCC_SYMBOLS_PRIVATE_EXTERN = NO;
				GCC_WARN_ABOUT_RETURN_TYPE = YES;
				GCC_WARN_UNINITIALIZED_AUTOS = YES;
				GCC_WARN_UNUSED_VARIABLE = YES;
				IPHONEOS_DEPLOYMENT_TARGET = 6.1;
				ONLY_ACTIVE_ARCH = YES;
				SDKROOT = iphoneos;
			};
			name = Debug;
		};
		A776FCAA17E08F1600253A02 /* Release */ = {
			isa = XCBuildConfiguration;
			buildSettings = {
				ALWAYS_SEARCH_USER_PATHS = NO;
				CLANG_CXX_LANGUAGE_STANDARD = "gnu++0x";
				CLANG_CXX_LIBRARY = "libc++";
				CLANG_ENABLE_OBJC_ARC = YES;
				CLANG_WARN_CONSTANT_CONVERSION = YES;
				CLANG_WARN_EMPTY_BODY = YES;
				CLANG_WARN_ENUM_CONVERSION = YES;
				CLANG_WARN_INT_CONVERSION = YES;
				CLANG_WARN__DUPLICATE_METHOD_MATCH = YES;
				"CODE_SIGN_IDENTITY[sdk=iphoneos*]" = "iPhone Developer";
				COPY_PHASE_STRIP = YES;
				GCC_C_LANGUAGE_STANDARD = gnu99;
				GCC_WARN_ABOUT_RETURN_TYPE = YES;
				GCC_WARN_UNINITIALIZED_AUTOS = YES;
				GCC_WARN_UNUSED_VARIABLE = YES;
				IPHONEOS_DEPLOYMENT_TARGET = 6.1;
				OTHER_CFLAGS = "-DNS_BLOCK_ASSERTIONS=1";
				SDKROOT = iphoneos;
				VALIDATE_PRODUCT = YES;
			};
			name = Release;
		};
		A776FCAC17E08F1600253A02 /* Debug */ = {
			isa = XCBuildConfiguration;
			buildSettings = {
				GCC_PRECOMPILE_PREFIX_HEADER = YES;
				GCC_PREFIX_HEADER = "Mitt Schema/SEAappWithStoryBoard-Prefix.pch";
				INFOPLIST_FILE = "Mitt Schema/SEAappWithStoryBoard-Info.plist";
				PRODUCT_NAME = SEAappWithStoryBoard;
				WRAPPER_EXTENSION = app;
			};
			name = Debug;
		};
		A776FCAD17E08F1600253A02 /* Release */ = {
			isa = XCBuildConfiguration;
			buildSettings = {
				GCC_PRECOMPILE_PREFIX_HEADER = YES;
				GCC_PREFIX_HEADER = "Mitt Schema/SEAappWithStoryBoard-Prefix.pch";
				INFOPLIST_FILE = "Mitt Schema/SEAappWithStoryBoard-Info.plist";
				PRODUCT_NAME = SEAappWithStoryBoard;
				WRAPPER_EXTENSION = app;
			};
			name = Release;
		};
/* End XCBuildConfiguration section */

/* Begin XCConfigurationList section */
		A776FC7D17E08F1500253A02 /* Build configuration list for PBXProject "SEAappWithStoryBoard" */ = {
			isa = XCConfigurationList;
			buildConfigurations = (
				A776FCA917E08F1600253A02 /* Debug */,
				A776FCAA17E08F1600253A02 /* Release */,
			);
			defaultConfigurationIsVisible = 0;
			defaultConfigurationName = Release;
		};
		A776FCAB17E08F1600253A02 /* Build configuration list for PBXNativeTarget "SEAappWithStoryBoard" */ = {
			isa = XCConfigurationList;
			buildConfigurations = (
				A776FCAC17E08F1600253A02 /* Debug */,
				A776FCAD17E08F1600253A02 /* Release */,
			);
			defaultConfigurationIsVisible = 0;
			defaultConfigurationName = Release;
		};
/* End XCConfigurationList section */
	};
	rootObject = A776FC7A17E08F1500253A02 /* Project object */;
}
